// !$*UTF8*$!
{
	archiveVersion = 1;
	classes = {
	};
	objectVersion = 56;
	objects = {

/* Begin PBXBuildFile section */
		9CA943402A3AD3DB00C39828 /* AppDelegate.swift in Sources */ = {isa = PBXBuildFile; fileRef = 9CA9433F2A3AD3DB00C39828 /* AppDelegate.swift */; };
		9CA943442A3AD3DB00C39828 /* MessagesViewController.swift in Sources */ = {isa = PBXBuildFile; fileRef = 9CA943432A3AD3DB00C39828 /* MessagesViewController.swift */; };
		9CA943492A3AD3DD00C39828 /* Assets.xcassets in Resources */ = {isa = PBXBuildFile; fileRef = 9CA943482A3AD3DD00C39828 /* Assets.xcassets */; };
		9CA9434C2A3AD3DD00C39828 /* LaunchScreen.storyboard in Resources */ = {isa = PBXBuildFile; fileRef = 9CA9434A2A3AD3DD00C39828 /* LaunchScreen.storyboard */; };
		9CA9435A2A3AD8F600C39828 /* API.swift in Sources */ = {isa = PBXBuildFile; fileRef = 9CA943592A3AD8F600C39828 /* API.swift */; };
		9CA9435C2A3AD96A00C39828 /* AppConstants.swift in Sources */ = {isa = PBXBuildFile; fileRef = 9CA9435B2A3AD96A00C39828 /* AppConstants.swift */; };
		9CA9435E2A3ADF2600C39828 /* MessageResponse.swift in Sources */ = {isa = PBXBuildFile; fileRef = 9CA9435D2A3ADF2600C39828 /* MessageResponse.swift */; };
		9CA943602A3ADFBF00C39828 /* NetworkManager.swift in Sources */ = {isa = PBXBuildFile; fileRef = 9CA9435F2A3ADFBF00C39828 /* NetworkManager.swift */; };
		9CA943622A3AE19800C39828 /* NetworkError.swift in Sources */ = {isa = PBXBuildFile; fileRef = 9CA943612A3AE19800C39828 /* NetworkError.swift */; };
		9CA943642A3C9C8800C39828 /* MessagesTableViewCell.swift in Sources */ = {isa = PBXBuildFile; fileRef = 9CA943632A3C9C8800C39828 /* MessagesTableViewCell.swift */; };
/* End PBXBuildFile section */

/* Begin PBXFileReference section */
		9CA9433C2A3AD3DB00C39828 /* InvoltaTestTask.app */ = {isa = PBXFileReference; explicitFileType = wrapper.application; includeInIndex = 0; path = InvoltaTestTask.app; sourceTree = BUILT_PRODUCTS_DIR; };
		9CA9433F2A3AD3DB00C39828 /* AppDelegate.swift */ = {isa = PBXFileReference; lastKnownFileType = sourcecode.swift; path = AppDelegate.swift; sourceTree = "<group>"; };
		9CA943432A3AD3DB00C39828 /* MessagesViewController.swift */ = {isa = PBXFileReference; lastKnownFileType = sourcecode.swift; path = MessagesViewController.swift; sourceTree = "<group>"; };
		9CA943482A3AD3DD00C39828 /* Assets.xcassets */ = {isa = PBXFileReference; lastKnownFileType = folder.assetcatalog; path = Assets.xcassets; sourceTree = "<group>"; };
		9CA9434B2A3AD3DD00C39828 /* Base */ = {isa = PBXFileReference; lastKnownFileType = file.storyboard; name = Base; path = Base.lproj/LaunchScreen.storyboard; sourceTree = "<group>"; };
		9CA9434D2A3AD3DD00C39828 /* Info.plist */ = {isa = PBXFileReference; lastKnownFileType = text.plist.xml; path = Info.plist; sourceTree = "<group>"; };
		9CA943592A3AD8F600C39828 /* API.swift */ = {isa = PBXFileReference; lastKnownFileType = sourcecode.swift; path = API.swift; sourceTree = "<group>"; };
		9CA9435B2A3AD96A00C39828 /* AppConstants.swift */ = {isa = PBXFileReference; lastKnownFileType = sourcecode.swift; path = AppConstants.swift; sourceTree = "<group>"; };
		9CA9435D2A3ADF2600C39828 /* MessageResponse.swift */ = {isa = PBXFileReference; lastKnownFileType = sourcecode.swift; path = MessageResponse.swift; sourceTree = "<group>"; };
		9CA9435F2A3ADFBF00C39828 /* NetworkManager.swift */ = {isa = PBXFileReference; lastKnownFileType = sourcecode.swift; path = NetworkManager.swift; sourceTree = "<group>"; };
		9CA943612A3AE19800C39828 /* NetworkError.swift */ = {isa = PBXFileReference; lastKnownFileType = sourcecode.swift; path = NetworkError.swift; sourceTree = "<group>"; };
		9CA943632A3C9C8800C39828 /* MessagesTableViewCell.swift */ = {isa = PBXFileReference; lastKnownFileType = sourcecode.swift; path = MessagesTableViewCell.swift; sourceTree = "<group>"; };
/* End PBXFileReference section */

/* Begin PBXFrameworksBuildPhase section */
		9CA943392A3AD3DB00C39828 /* Frameworks */ = {
			isa = PBXFrameworksBuildPhase;
			buildActionMask = 2147483647;
			files = (
			);
			runOnlyForDeploymentPostprocessing = 0;
		};
/* End PBXFrameworksBuildPhase section */

/* Begin PBXGroup section */
		9CA943332A3AD3DB00C39828 = {
			isa = PBXGroup;
			children = (
				9CA9433E2A3AD3DB00C39828 /* InvoltaTestTask */,
				9CA9433D2A3AD3DB00C39828 /* Products */,
			);
			sourceTree = "<group>";
		};
		9CA9433D2A3AD3DB00C39828 /* Products */ = {
			isa = PBXGroup;
			children = (
				9CA9433C2A3AD3DB00C39828 /* InvoltaTestTask.app */,
			);
			name = Products;
			sourceTree = "<group>";
		};
		9CA9433E2A3AD3DB00C39828 /* InvoltaTestTask */ = {
			isa = PBXGroup;
			children = (
				9CA9434D2A3AD3DD00C39828 /* Info.plist */,
				9CA943532A3AD67E00C39828 /* Application */,
				9CA943542A3AD68A00C39828 /* Service */,
				9CA943562A3AD6A500C39828 /* Model */,
				9CA943552A3AD69200C39828 /* Modules */,
				9CA943572A3AD6B800C39828 /* Support */,
			);
			path = InvoltaTestTask;
			sourceTree = "<group>";
		};
		9CA943532A3AD67E00C39828 /* Application */ = {
			isa = PBXGroup;
			children = (
				9CA9433F2A3AD3DB00C39828 /* AppDelegate.swift */,
			);
			path = Application;
			sourceTree = "<group>";
		};
		9CA943542A3AD68A00C39828 /* Service */ = {
			isa = PBXGroup;
			children = (
				9CA943582A3AD8E600C39828 /* Network */,
			);
			path = Service;
			sourceTree = "<group>";
		};
		9CA943552A3AD69200C39828 /* Modules */ = {
			isa = PBXGroup;
			children = (
				9CA943652A3CB67000C39828 /* Chat */,
			);
			path = Modules;
			sourceTree = "<group>";
		};
		9CA943562A3AD6A500C39828 /* Model */ = {
			isa = PBXGroup;
			children = (
				9CA9435D2A3ADF2600C39828 /* MessageResponse.swift */,
			);
			path = Model;
			sourceTree = "<group>";
		};
		9CA943572A3AD6B800C39828 /* Support */ = {
			isa = PBXGroup;
			children = (
				9CA9435B2A3AD96A00C39828 /* AppConstants.swift */,
				9CA943482A3AD3DD00C39828 /* Assets.xcassets */,
				9CA9434A2A3AD3DD00C39828 /* LaunchScreen.storyboard */,
			);
			path = Support;
			sourceTree = "<group>";
		};
		9CA943582A3AD8E600C39828 /* Network */ = {
			isa = PBXGroup;
			children = (
				9CA943592A3AD8F600C39828 /* API.swift */,
				9CA9435F2A3ADFBF00C39828 /* NetworkManager.swift */,
				9CA943612A3AE19800C39828 /* NetworkError.swift */,
			);
			path = Network;
			sourceTree = "<group>";
		};
		9CA943652A3CB67000C39828 /* Chat */ = {
			isa = PBXGroup;
			children = (
				9CA943432A3AD3DB00C39828 /* MessagesViewController.swift */,
				9CA943632A3C9C8800C39828 /* MessagesTableViewCell.swift */,
			);
			path = Chat;
			sourceTree = "<group>";
		};
/* End PBXGroup section */

/* Begin PBXNativeTarget section */
		9CA9433B2A3AD3DB00C39828 /* InvoltaTestTask */ = {
			isa = PBXNativeTarget;
			buildConfigurationList = 9CA943502A3AD3DD00C39828 /* Build configuration list for PBXNativeTarget "InvoltaTestTask" */;
			buildPhases = (
				9CA943382A3AD3DB00C39828 /* Sources */,
				9CA943392A3AD3DB00C39828 /* Frameworks */,
				9CA9433A2A3AD3DB00C39828 /* Resources */,
			);
			buildRules = (
			);
			dependencies = (
			);
			name = InvoltaTestTask;
			productName = InvoltaTestTask;
			productReference = 9CA9433C2A3AD3DB00C39828 /* InvoltaTestTask.app */;
			productType = "com.apple.product-type.application";
		};
/* End PBXNativeTarget section */

/* Begin PBXProject section */
		9CA943342A3AD3DB00C39828 /* Project object */ = {
			isa = PBXProject;
			attributes = {
				BuildIndependentTargetsInParallel = 1;
				LastSwiftUpdateCheck = 1430;
				LastUpgradeCheck = 1430;
				TargetAttributes = {
					9CA9433B2A3AD3DB00C39828 = {
						CreatedOnToolsVersion = 14.3.1;
					};
				};
			};
			buildConfigurationList = 9CA943372A3AD3DB00C39828 /* Build configuration list for PBXProject "InvoltaTestTask" */;
			compatibilityVersion = "Xcode 14.0";
			developmentRegion = en;
			hasScannedForEncodings = 0;
			knownRegions = (
				en,
				Base,
			);
			mainGroup = 9CA943332A3AD3DB00C39828;
			productRefGroup = 9CA9433D2A3AD3DB00C39828 /* Products */;
			projectDirPath = "";
			projectRoot = "";
			targets = (
				9CA9433B2A3AD3DB00C39828 /* InvoltaTestTask */,
			);
		};
/* End PBXProject section */

/* Begin PBXResourcesBuildPhase section */
		9CA9433A2A3AD3DB00C39828 /* Resources */ = {
			isa = PBXResourcesBuildPhase;
			buildActionMask = 2147483647;
			files = (
				9CA9434C2A3AD3DD00C39828 /* LaunchScreen.storyboard in Resources */,
				9CA943492A3AD3DD00C39828 /* Assets.xcassets in Resources */,
			);
			runOnlyForDeploymentPostprocessing = 0;
		};
/* End PBXResourcesBuildPhase section */

/* Begin PBXSourcesBuildPhase section */
		9CA943382A3AD3DB00C39828 /* Sources */ = {
			isa = PBXSourcesBuildPhase;
			buildActionMask = 2147483647;
			files = (
				9CA943602A3ADFBF00C39828 /* NetworkManager.swift in Sources */,
				9CA943642A3C9C8800C39828 /* MessagesTableViewCell.swift in Sources */,
				9CA943622A3AE19800C39828 /* NetworkError.swift in Sources */,
				9CA9435E2A3ADF2600C39828 /* MessageResponse.swift in Sources */,
				9CA943442A3AD3DB00C39828 /* MessagesViewController.swift in Sources */,
				9CA9435A2A3AD8F600C39828 /* API.swift in Sources */,
				9CA943402A3AD3DB00C39828 /* AppDelegate.swift in Sources */,
				9CA9435C2A3AD96A00C39828 /* AppConstants.swift in Sources */,
			);
			runOnlyForDeploymentPostprocessing = 0;
		};
/* End PBXSourcesBuildPhase section */

/* Begin PBXVariantGroup section */
		9CA9434A2A3AD3DD00C39828 /* LaunchScreen.storyboard */ = {
			isa = PBXVariantGroup;
			children = (
				9CA9434B2A3AD3DD00C39828 /* Base */,
			);
			name = LaunchScreen.storyboard;
			sourceTree = "<group>";
		};
/* End PBXVariantGroup section */

/* Begin XCBuildConfiguration section */
		9CA9434E2A3AD3DD00C39828 /* Debug */ = {
			isa = XCBuildConfiguration;
			buildSettings = {
				ALWAYS_SEARCH_USER_PATHS = NO;
				CLANG_ANALYZER_NONNULL = YES;
				CLANG_ANALYZER_NUMBER_OBJECT_CONVERSION = YES_AGGRESSIVE;
				CLANG_CXX_LANGUAGE_STANDARD = "gnu++20";
				CLANG_ENABLE_MODULES = YES;
				CLANG_ENABLE_OBJC_ARC = YES;
				CLANG_ENABLE_OBJC_WEAK = YES;
				CLANG_WARN_BLOCK_CAPTURE_AUTORELEASING = YES;
				CLANG_WARN_BOOL_CONVERSION = YES;
				CLANG_WARN_COMMA = YES;
				CLANG_WARN_CONSTANT_CONVERSION = YES;
				CLANG_WARN_DEPRECATED_OBJC_IMPLEMENTATIONS = YES;
				CLANG_WARN_DIRECT_OBJC_ISA_USAGE = YES_ERROR;
				CLANG_WARN_DOCUMENTATION_COMMENTS = YES;
				CLANG_WARN_EMPTY_BODY = YES;
				CLANG_WARN_ENUM_CONVERSION = YES;
				CLANG_WARN_INFINITE_RECURSION = YES;
				CLANG_WARN_INT_CONVERSION = YES;
				CLANG_WARN_NON_LITERAL_NULL_CONVERSION = YES;
				CLANG_WARN_OBJC_IMPLICIT_RETAIN_SELF = YES;
				CLANG_WARN_OBJC_LITERAL_CONVERSION = YES;
				CLANG_WARN_OBJC_ROOT_CLASS = YES_ERROR;
				CLANG_WARN_QUOTED_INCLUDE_IN_FRAMEWORK_HEADER = YES;
				CLANG_WARN_RANGE_LOOP_ANALYSIS = YES;
				CLANG_WARN_STRICT_PROTOTYPES = YES;
				CLANG_WARN_SUSPICIOUS_MOVE = YES;
				CLANG_WARN_UNGUARDED_AVAILABILITY = YES_AGGRESSIVE;
				CLANG_WARN_UNREACHABLE_CODE = YES;
				CLANG_WARN__DUPLICATE_METHOD_MATCH = YES;
				COPY_PHASE_STRIP = NO;
				DEBUG_INFORMATION_FORMAT = dwarf;
				ENABLE_STRICT_OBJC_MSGSEND = YES;
				ENABLE_TESTABILITY = YES;
				GCC_C_LANGUAGE_STANDARD = gnu11;
				GCC_DYNAMIC_NO_PIC = NO;
				GCC_NO_COMMON_BLOCKS = YES;
				GCC_OPTIMIZATION_LEVEL = 0;
				GCC_PREPROCESSOR_DEFINITIONS = (
					"DEBUG=1",
					"$(inherited)",
				);
				GCC_WARN_64_TO_32_BIT_CONVERSION = YES;
				GCC_WARN_ABOUT_RETURN_TYPE = YES_ERROR;
				GCC_WARN_UNDECLARED_SELECTOR = YES;
				GCC_WARN_UNINITIALIZED_AUTOS = YES_AGGRESSIVE;
				GCC_WARN_UNUSED_FUNCTION = YES;
				GCC_WARN_UNUSED_VARIABLE = YES;
				IPHONEOS_DEPLOYMENT_TARGET = 15.0;
				MTL_ENABLE_DEBUG_INFO = INCLUDE_SOURCE;
				MTL_FAST_MATH = YES;
				ONLY_ACTIVE_ARCH = YES;
				SDKROOT = iphoneos;
				SWIFT_ACTIVE_COMPILATION_CONDITIONS = DEBUG;
				SWIFT_OPTIMIZATION_LEVEL = "-Onone";
			};
			name = Debug;
		};
		9CA9434F2A3AD3DD00C39828 /* Release */ = {
			isa = XCBuildConfiguration;
			buildSettings = {
				ALWAYS_SEARCH_USER_PATHS = NO;
				CLANG_ANALYZER_NONNULL = YES;
				CLANG_ANALYZER_NUMBER_OBJECT_CONVERSION = YES_AGGRESSIVE;
				CLANG_CXX_LANGUAGE_STANDARD = "gnu++20";
				CLANG_ENABLE_MODULES = YES;
				CLANG_ENABLE_OBJC_ARC = YES;
				CLANG_ENABLE_OBJC_WEAK = YES;
				CLANG_WARN_BLOCK_CAPTURE_AUTORELEASING = YES;
				CLANG_WARN_BOOL_CONVERSION = YES;
				CLANG_WARN_COMMA = YES;
				CLANG_WARN_CONSTANT_CONVERSION = YES;
				CLANG_WARN_DEPRECATED_OBJC_IMPLEMENTATIONS = YES;
				CLANG_WARN_DIRECT_OBJC_ISA_USAGE = YES_ERROR;
				CLANG_WARN_DOCUMENTATION_COMMENTS = YES;
				CLANG_WARN_EMPTY_BODY = YES;
				CLANG_WARN_ENUM_CONVERSION = YES;
				CLANG_WARN_INFINITE_RECURSION = YES;
				CLANG_WARN_INT_CONVERSION = YES;
				CLANG_WARN_NON_LITERAL_NULL_CONVERSION = YES;
				CLANG_WARN_OBJC_IMPLICIT_RETAIN_SELF = YES;
				CLANG_WARN_OBJC_LITERAL_CONVERSION = YES;
				CLANG_WARN_OBJC_ROOT_CLASS = YES_ERROR;
				CLANG_WARN_QUOTED_INCLUDE_IN_FRAMEWORK_HEADER = YES;
				CLANG_WARN_RANGE_LOOP_ANALYSIS = YES;
				CLANG_WARN_STRICT_PROTOTYPES = YES;
				CLANG_WARN_SUSPICIOUS_MOVE = YES;
				CLANG_WARN_UNGUARDED_AVAILABILITY = YES_AGGRESSIVE;
				CLANG_WARN_UNREACHABLE_CODE = YES;
				CLANG_WARN__DUPLICATE_METHOD_MATCH = YES;
				COPY_PHASE_STRIP = NO;
				DEBUG_INFORMATION_FORMAT = "dwarf-with-dsym";
				ENABLE_NS_ASSERTIONS = NO;
				ENABLE_STRICT_OBJC_MSGSEND = YES;
				GCC_C_LANGUAGE_STANDARD = gnu11;
				GCC_NO_COMMON_BLOCKS = YES;
				GCC_WARN_64_TO_32_BIT_CONVERSION = YES;
				GCC_WARN_ABOUT_RETURN_TYPE = YES_ERROR;
				GCC_WARN_UNDECLARED_SELECTOR = YES;
				GCC_WARN_UNINITIALIZED_AUTOS = YES_AGGRESSIVE;
				GCC_WARN_UNUSED_FUNCTION = YES;
				GCC_WARN_UNUSED_VARIABLE = YES;
				IPHONEOS_DEPLOYMENT_TARGET = 15.0;
				MTL_ENABLE_DEBUG_INFO = NO;
				MTL_FAST_MATH = YES;
				SDKROOT = iphoneos;
				SWIFT_COMPILATION_MODE = wholemodule;
				SWIFT_OPTIMIZATION_LEVEL = "-O";
				VALIDATE_PRODUCT = YES;
			};
			name = Release;
		};
		9CA943512A3AD3DD00C39828 /* Debug */ = {
			isa = XCBuildConfiguration;
			buildSettings = {
				ASSETCATALOG_COMPILER_APPICON_NAME = AppIcon;
				ASSETCATALOG_COMPILER_GLOBAL_ACCENT_COLOR_NAME = AccentColor;
				CODE_SIGN_STYLE = Automatic;
				CURRENT_PROJECT_VERSION = 1;
				DEVELOPMENT_TEAM = TWQBM5NDZK;
				GENERATE_INFOPLIST_FILE = YES;
				INFOPLIST_FILE = InvoltaTestTask/Info.plist;
				INFOPLIST_KEY_UIApplicationSupportsIndirectInputEvents = YES;
				INFOPLIST_KEY_UILaunchStoryboardName = LaunchScreen;
				INFOPLIST_KEY_UISupportedInterfaceOrientations = UIInterfaceOrientationPortrait;
				IPHONEOS_DEPLOYMENT_TARGET = 15.0;
				LD_RUNPATH_SEARCH_PATHS = (
					"$(inherited)",
					"@executable_path/Frameworks",
				);
				MARKETING_VERSION = 1.0;
				PRODUCT_BUNDLE_IDENTIFIER = avp.InvoltaTestTask;
				PRODUCT_NAME = "$(TARGET_NAME)";
				SUPPORTED_PLATFORMS = "iphoneos iphonesimulator";
				SUPPORTS_MACCATALYST = NO;
				SUPPORTS_MAC_DESIGNED_FOR_IPHONE_IPAD = YES;
				SWIFT_EMIT_LOC_STRINGS = YES;
				SWIFT_VERSION = 5.0;
				TARGETED_DEVICE_FAMILY = 1;
			};
			name = Debug;
		};
		9CA943522A3AD3DD00C39828 /* Release */ = {
			isa = XCBuildConfiguration;
			buildSettings = {
				ASSETCATALOG_COMPILER_APPICON_NAME = AppIcon;
				ASSETCATALOG_COMPILER_GLOBAL_ACCENT_COLOR_NAME = AccentColor;
				CODE_SIGN_STYLE = Automatic;
				CURRENT_PROJECT_VERSION = 1;
				DEVELOPMENT_TEAM = TWQBM5NDZK;
				GENERATE_INFOPLIST_FILE = YES;
				INFOPLIST_FILE = InvoltaTestTask/Info.plist;
				INFOPLIST_KEY_UIApplicationSupportsIndirectInputEvents = YES;
				INFOPLIST_KEY_UILaunchStoryboardName = LaunchScreen;
				INFOPLIST_KEY_UISupportedInterfaceOrientations = UIInterfaceOrientationPortrait;
				IPHONEOS_DEPLOYMENT_TARGET = 15.0;
				LD_RUNPATH_SEARCH_PATHS = (
					"$(inherited)",
					"@executable_path/Frameworks",
				);
				MARKETING_VERSION = 1.0;
				PRODUCT_BUNDLE_IDENTIFIER = avp.InvoltaTestTask;
				PRODUCT_NAME = "$(TARGET_NAME)";
				SUPPORTED_PLATFORMS = "iphoneos iphonesimulator";
				SUPPORTS_MACCATALYST = NO;
				SUPPORTS_MAC_DESIGNED_FOR_IPHONE_IPAD = YES;
				SWIFT_EMIT_LOC_STRINGS = YES;
				SWIFT_VERSION = 5.0;
				TARGETED_DEVICE_FAMILY = 1;
			};
			name = Release;
		};
/* End XCBuildConfiguration section */

/* Begin XCConfigurationList section */
		9CA943372A3AD3DB00C39828 /* Build configuration list for PBXProject "InvoltaTestTask" */ = {
			isa = XCConfigurationList;
			buildConfigurations = (
				9CA9434E2A3AD3DD00C39828 /* Debug */,
				9CA9434F2A3AD3DD00C39828 /* Release */,
			);
			defaultConfigurationIsVisible = 0;
			defaultConfigurationName = Release;
		};
		9CA943502A3AD3DD00C39828 /* Build configuration list for PBXNativeTarget "InvoltaTestTask" */ = {
			isa = XCConfigurationList;
			buildConfigurations = (
				9CA943512A3AD3DD00C39828 /* Debug */,
				9CA943522A3AD3DD00C39828 /* Release */,
			);
			defaultConfigurationIsVisible = 0;
			defaultConfigurationName = Release;
		};
/* End XCConfigurationList section */
	};
	rootObject = 9CA943342A3AD3DB00C39828 /* Project object */;
}
